// !$*UTF8*$!
{
	archiveVersion = 1;
	classes = {
	};
	objectVersion = 56;
	objects = {

/* Begin PBXBuildFile section */
		3CF755E82B3CAD8A00E4708E /* QuadTreeApp.swift in Sources */ = {isa = PBXBuildFile; fileRef = 3CF755E72B3CAD8A00E4708E /* QuadTreeApp.swift */; };
		3CF755EA2B3CAD8A00E4708E /* ContentView.swift in Sources */ = {isa = PBXBuildFile; fileRef = 3CF755E92B3CAD8A00E4708E /* ContentView.swift */; };
		3CF755EC2B3CAD8B00E4708E /* Assets.xcassets in Resources */ = {isa = PBXBuildFile; fileRef = 3CF755EB2B3CAD8B00E4708E /* Assets.xcassets */; };
		3CF755F72B3CADDD00E4708E /* Cell.swift in Sources */ = {isa = PBXBuildFile; fileRef = 3CF755F62B3CADDD00E4708E /* Cell.swift */; };
		3CF755FA2B3CB47F00E4708E /* Point.swift in Sources */ = {isa = PBXBuildFile; fileRef = 3CF755F92B3CB47F00E4708E /* Point.swift */; };
		3CF755FD2B3CF68E00E4708E /* Collections in Frameworks */ = {isa = PBXBuildFile; productRef = 3CF755FC2B3CF68E00E4708E /* Collections */; };
		3CF755FF2B3CF68E00E4708E /* DequeModule in Frameworks */ = {isa = PBXBuildFile; productRef = 3CF755FE2B3CF68E00E4708E /* DequeModule */; };
		3CF756012B3CF68E00E4708E /* OrderedCollections in Frameworks */ = {isa = PBXBuildFile; productRef = 3CF756002B3CF68E00E4708E /* OrderedCollections */; };
		3CF756032B3CF7DE00E4708E /* Global.swift in Sources */ = {isa = PBXBuildFile; fileRef = 3CF756022B3CF7DE00E4708E /* Global.swift */; };
/* End PBXBuildFile section */

/* Begin PBXFileReference section */
		3CF755E42B3CAD8A00E4708E /* QuadTree.app */ = {isa = PBXFileReference; explicitFileType = wrapper.application; includeInIndex = 0; path = QuadTree.app; sourceTree = BUILT_PRODUCTS_DIR; };
		3CF755E72B3CAD8A00E4708E /* QuadTreeApp.swift */ = {isa = PBXFileReference; lastKnownFileType = sourcecode.swift; path = QuadTreeApp.swift; sourceTree = "<group>"; };
		3CF755E92B3CAD8A00E4708E /* ContentView.swift */ = {isa = PBXFileReference; lastKnownFileType = sourcecode.swift; path = ContentView.swift; sourceTree = "<group>"; };
		3CF755EB2B3CAD8B00E4708E /* Assets.xcassets */ = {isa = PBXFileReference; lastKnownFileType = folder.assetcatalog; path = Assets.xcassets; sourceTree = "<group>"; };
		3CF755ED2B3CAD8B00E4708E /* QuadTree.entitlements */ = {isa = PBXFileReference; lastKnownFileType = text.plist.entitlements; path = QuadTree.entitlements; sourceTree = "<group>"; };
		3CF755F62B3CADDD00E4708E /* Cell.swift */ = {isa = PBXFileReference; lastKnownFileType = sourcecode.swift; path = Cell.swift; sourceTree = "<group>"; };
		3CF755F92B3CB47F00E4708E /* Point.swift */ = {isa = PBXFileReference; lastKnownFileType = sourcecode.swift; path = Point.swift; sourceTree = "<group>"; };
		3CF756022B3CF7DE00E4708E /* Global.swift */ = {isa = PBXFileReference; lastKnownFileType = sourcecode.swift; path = Global.swift; sourceTree = "<group>"; };
/* End PBXFileReference section */

/* Begin PBXFrameworksBuildPhase section */
		3CF755E12B3CAD8A00E4708E /* Frameworks */ = {
			isa = PBXFrameworksBuildPhase;
			buildActionMask = 2147483647;
			files = (
				3CF755FD2B3CF68E00E4708E /* Collections in Frameworks */,
				3CF755FF2B3CF68E00E4708E /* DequeModule in Frameworks */,
				3CF756012B3CF68E00E4708E /* OrderedCollections in Frameworks */,
			);
			runOnlyForDeploymentPostprocessing = 0;
		};
/* End PBXFrameworksBuildPhase section */

/* Begin PBXGroup section */
		3CF755DB2B3CAD8A00E4708E = {
			isa = PBXGroup;
			children = (
				3CF755E62B3CAD8A00E4708E /* QuadTree */,
				3CF755E52B3CAD8A00E4708E /* Products */,
			);
			sourceTree = "<group>";
		};
		3CF755E52B3CAD8A00E4708E /* Products */ = {
			isa = PBXGroup;
			children = (
				3CF755E42B3CAD8A00E4708E /* QuadTree.app */,
			);
			name = Products;
			sourceTree = "<group>";
		};
		3CF755E62B3CAD8A00E4708E /* QuadTree */ = {
			isa = PBXGroup;
			children = (
				3CF755E72B3CAD8A00E4708E /* QuadTreeApp.swift */,
				3CF755F82B3CADE100E4708E /* Models */,
				3CF755E92B3CAD8A00E4708E /* ContentView.swift */,
				3CF755EB2B3CAD8B00E4708E /* Assets.xcassets */,
				3CF755ED2B3CAD8B00E4708E /* QuadTree.entitlements */,
			);
			path = QuadTree;
			sourceTree = "<group>";
		};
		3CF755F82B3CADE100E4708E /* Models */ = {
			isa = PBXGroup;
			children = (
				3CF756022B3CF7DE00E4708E /* Global.swift */,
				3CF755F62B3CADDD00E4708E /* Cell.swift */,
				3CF755F92B3CB47F00E4708E /* Point.swift */,
			);
			path = Models;
			sourceTree = "<group>";
		};
/* End PBXGroup section */

/* Begin PBXNativeTarget section */
		3CF755E32B3CAD8A00E4708E /* QuadTree */ = {
			isa = PBXNativeTarget;
			buildConfigurationList = 3CF755F32B3CAD8B00E4708E /* Build configuration list for PBXNativeTarget "QuadTree" */;
			buildPhases = (
				3CF755E02B3CAD8A00E4708E /* Sources */,
				3CF755E12B3CAD8A00E4708E /* Frameworks */,
				3CF755E22B3CAD8A00E4708E /* Resources */,
			);
			buildRules = (
			);
			dependencies = (
			);
			name = QuadTree;
			packageProductDependencies = (
				3CF755FC2B3CF68E00E4708E /* Collections */,
				3CF755FE2B3CF68E00E4708E /* DequeModule */,
				3CF756002B3CF68E00E4708E /* OrderedCollections */,
			);
			productName = QuadTree;
			productReference = 3CF755E42B3CAD8A00E4708E /* QuadTree.app */;
			productType = "com.apple.product-type.application";
		};
/* End PBXNativeTarget section */

/* Begin PBXProject section */
		3CF755DC2B3CAD8A00E4708E /* Project object */ = {
			isa = PBXProject;
			attributes = {
				BuildIndependentTargetsInParallel = 1;
				LastSwiftUpdateCheck = 1500;
				LastUpgradeCheck = 1500;
				TargetAttributes = {
					3CF755E32B3CAD8A00E4708E = {
						CreatedOnToolsVersion = 15.0;
					};
				};
			};
			buildConfigurationList = 3CF755DF2B3CAD8A00E4708E /* Build configuration list for PBXProject "QuadTree" */;
			compatibilityVersion = "Xcode 14.0";
			developmentRegion = en;
			hasScannedForEncodings = 0;
			knownRegions = (
				en,
				Base,
			);
			mainGroup = 3CF755DB2B3CAD8A00E4708E;
			packageReferences = (
				3CF755FB2B3CF68E00E4708E /* XCRemoteSwiftPackageReference "swift-collections" */,
			);
			productRefGroup = 3CF755E52B3CAD8A00E4708E /* Products */;
			projectDirPath = "";
			projectRoot = "";
			targets = (
				3CF755E32B3CAD8A00E4708E /* QuadTree */,
			);
		};
/* End PBXProject section */

/* Begin PBXResourcesBuildPhase section */
		3CF755E22B3CAD8A00E4708E /* Resources */ = {
			isa = PBXResourcesBuildPhase;
			buildActionMask = 2147483647;
			files = (
				3CF755EC2B3CAD8B00E4708E /* Assets.xcassets in Resources */,
			);
			runOnlyForDeploymentPostprocessing = 0;
		};
/* End PBXResourcesBuildPhase section */

/* Begin PBXSourcesBuildPhase section */
		3CF755E02B3CAD8A00E4708E /* Sources */ = {
			isa = PBXSourcesBuildPhase;
			buildActionMask = 2147483647;
			files = (
				3CF755FA2B3CB47F00E4708E /* Point.swift in Sources */,
				3CF755EA2B3CAD8A00E4708E /* ContentView.swift in Sources */,
				3CF755E82B3CAD8A00E4708E /* QuadTreeApp.swift in Sources */,
				3CF756032B3CF7DE00E4708E /* Global.swift in Sources */,
				3CF755F72B3CADDD00E4708E /* Cell.swift in Sources */,
			);
			runOnlyForDeploymentPostprocessing = 0;
		};
/* End PBXSourcesBuildPhase section */

/* Begin XCBuildConfiguration section */
		3CF755F12B3CAD8B00E4708E /* Debug */ = {
			isa = XCBuildConfiguration;
			buildSettings = {
				ALWAYS_SEARCH_USER_PATHS = NO;
				ASSETCATALOG_COMPILER_GENERATE_SWIFT_ASSET_SYMBOL_EXTENSIONS = YES;
				CLANG_ANALYZER_NONNULL = YES;
				CLANG_ANALYZER_NUMBER_OBJECT_CONVERSION = YES_AGGRESSIVE;
				CLANG_CXX_LANGUAGE_STANDARD = "gnu++20";
				CLANG_ENABLE_MODULES = YES;
				CLANG_ENABLE_OBJC_ARC = YES;
				CLANG_ENABLE_OBJC_WEAK = YES;
				CLANG_WARN_BLOCK_CAPTURE_AUTORELEASING = YES;
				CLANG_WARN_BOOL_CONVERSION = YES;
				CLANG_WARN_COMMA = YES;
				CLANG_WARN_CONSTANT_CONVERSION = YES;
				CLANG_WARN_DEPRECATED_OBJC_IMPLEMENTATIONS = YES;
				CLANG_WARN_DIRECT_OBJC_ISA_USAGE = YES_ERROR;
				CLANG_WARN_DOCUMENTATION_COMMENTS = YES;
				CLANG_WARN_EMPTY_BODY = YES;
				CLANG_WARN_ENUM_CONVERSION = YES;
				CLANG_WARN_INFINITE_RECURSION = YES;
				CLANG_WARN_INT_CONVERSION = YES;
				CLANG_WARN_NON_LITERAL_NULL_CONVERSION = YES;
				CLANG_WARN_OBJC_IMPLICIT_RETAIN_SELF = YES;
				CLANG_WARN_OBJC_LITERAL_CONVERSION = YES;
				CLANG_WARN_OBJC_ROOT_CLASS = YES_ERROR;
				CLANG_WARN_QUOTED_INCLUDE_IN_FRAMEWORK_HEADER = YES;
				CLANG_WARN_RANGE_LOOP_ANALYSIS = YES;
				CLANG_WARN_STRICT_PROTOTYPES = YES;
				CLANG_WARN_SUSPICIOUS_MOVE = YES;
				CLANG_WARN_UNGUARDED_AVAILABILITY = YES_AGGRESSIVE;
				CLANG_WARN_UNREACHABLE_CODE = YES;
				CLANG_WARN__DUPLICATE_METHOD_MATCH = YES;
				COPY_PHASE_STRIP = NO;
				DEBUG_INFORMATION_FORMAT = dwarf;
				ENABLE_STRICT_OBJC_MSGSEND = YES;
				ENABLE_TESTABILITY = YES;
				ENABLE_USER_SCRIPT_SANDBOXING = YES;
				GCC_C_LANGUAGE_STANDARD = gnu17;
				GCC_DYNAMIC_NO_PIC = NO;
				GCC_NO_COMMON_BLOCKS = YES;
				GCC_OPTIMIZATION_LEVEL = 0;
				GCC_PREPROCESSOR_DEFINITIONS = (
					"DEBUG=1",
					"$(inherited)",
				);
				GCC_WARN_64_TO_32_BIT_CONVERSION = YES;
				GCC_WARN_ABOUT_RETURN_TYPE = YES_ERROR;
				GCC_WARN_UNDECLARED_SELECTOR = YES;
				GCC_WARN_UNINITIALIZED_AUTOS = YES_AGGRESSIVE;
				GCC_WARN_UNUSED_FUNCTION = YES;
				GCC_WARN_UNUSED_VARIABLE = YES;
				LOCALIZATION_PREFERS_STRING_CATALOGS = YES;
				MTL_ENABLE_DEBUG_INFO = INCLUDE_SOURCE;
				MTL_FAST_MATH = YES;
				ONLY_ACTIVE_ARCH = YES;
				SWIFT_ACTIVE_COMPILATION_CONDITIONS = "DEBUG $(inherited)";
				SWIFT_OPTIMIZATION_LEVEL = "-Onone";
			};
			name = Debug;
		};
		3CF755F22B3CAD8B00E4708E /* Release */ = {
			isa = XCBuildConfiguration;
			buildSettings = {
				ALWAYS_SEARCH_USER_PATHS = NO;
				ASSETCATALOG_COMPILER_GENERATE_SWIFT_ASSET_SYMBOL_EXTENSIONS = YES;
				CLANG_ANALYZER_NONNULL = YES;
				CLANG_ANALYZER_NUMBER_OBJECT_CONVERSION = YES_AGGRESSIVE;
				CLANG_CXX_LANGUAGE_STANDARD = "gnu++20";
				CLANG_ENABLE_MODULES = YES;
				CLANG_ENABLE_OBJC_ARC = YES;
				CLANG_ENABLE_OBJC_WEAK = YES;
				CLANG_WARN_BLOCK_CAPTURE_AUTORELEASING = YES;
				CLANG_WARN_BOOL_CONVERSION = YES;
				CLANG_WARN_COMMA = YES;
				CLANG_WARN_CONSTANT_CONVERSION = YES;
				CLANG_WARN_DEPRECATED_OBJC_IMPLEMENTATIONS = YES;
				CLANG_WARN_DIRECT_OBJC_ISA_USAGE = YES_ERROR;
				CLANG_WARN_DOCUMENTATION_COMMENTS = YES;
				CLANG_WARN_EMPTY_BODY = YES;
				CLANG_WARN_ENUM_CONVERSION = YES;
				CLANG_WARN_INFINITE_RECURSION = YES;
				CLANG_WARN_INT_CONVERSION = YES;
				CLANG_WARN_NON_LITERAL_NULL_CONVERSION = YES;
				CLANG_WARN_OBJC_IMPLICIT_RETAIN_SELF = YES;
				CLANG_WARN_OBJC_LITERAL_CONVERSION = YES;
				CLANG_WARN_OBJC_ROOT_CLASS = YES_ERROR;
				CLANG_WARN_QUOTED_INCLUDE_IN_FRAMEWORK_HEADER = YES;
				CLANG_WARN_RANGE_LOOP_ANALYSIS = YES;
				CLANG_WARN_STRICT_PROTOTYPES = YES;
				CLANG_WARN_SUSPICIOUS_MOVE = YES;
				CLANG_WARN_UNGUARDED_AVAILABILITY = YES_AGGRESSIVE;
				CLANG_WARN_UNREACHABLE_CODE = YES;
				CLANG_WARN__DUPLICATE_METHOD_MATCH = YES;
				COPY_PHASE_STRIP = NO;
				DEBUG_INFORMATION_FORMAT = "dwarf-with-dsym";
				ENABLE_NS_ASSERTIONS = NO;
				ENABLE_STRICT_OBJC_MSGSEND = YES;
				ENABLE_USER_SCRIPT_SANDBOXING = YES;
				GCC_C_LANGUAGE_STANDARD = gnu17;
				GCC_NO_COMMON_BLOCKS = YES;
				GCC_WARN_64_TO_32_BIT_CONVERSION = YES;
				GCC_WARN_ABOUT_RETURN_TYPE = YES_ERROR;
				GCC_WARN_UNDECLARED_SELECTOR = YES;
				GCC_WARN_UNINITIALIZED_AUTOS = YES_AGGRESSIVE;
				GCC_WARN_UNUSED_FUNCTION = YES;
				GCC_WARN_UNUSED_VARIABLE = YES;
				LOCALIZATION_PREFERS_STRING_CATALOGS = YES;
				MTL_ENABLE_DEBUG_INFO = NO;
				MTL_FAST_MATH = YES;
				SWIFT_COMPILATION_MODE = wholemodule;
			};
			name = Release;
		};
		3CF755F42B3CAD8B00E4708E /* Debug */ = {
			isa = XCBuildConfiguration;
			buildSettings = {
				ASSETCATALOG_COMPILER_APPICON_NAME = AppIcon;
				ASSETCATALOG_COMPILER_GLOBAL_ACCENT_COLOR_NAME = AccentColor;
				CODE_SIGN_ENTITLEMENTS = QuadTree/QuadTree.entitlements;
				CODE_SIGN_STYLE = Automatic;
				CURRENT_PROJECT_VERSION = 1;
				DEVELOPMENT_TEAM = WV6XDLHK3W;
				ENABLE_HARDENED_RUNTIME = YES;
				ENABLE_PREVIEWS = YES;
				GENERATE_INFOPLIST_FILE = YES;
				"INFOPLIST_KEY_UIApplicationSceneManifest_Generation[sdk=iphoneos*]" = YES;
				"INFOPLIST_KEY_UIApplicationSceneManifest_Generation[sdk=iphonesimulator*]" = YES;
				"INFOPLIST_KEY_UIApplicationSupportsIndirectInputEvents[sdk=iphoneos*]" = YES;
				"INFOPLIST_KEY_UIApplicationSupportsIndirectInputEvents[sdk=iphonesimulator*]" = YES;
				"INFOPLIST_KEY_UILaunchScreen_Generation[sdk=iphoneos*]" = YES;
				"INFOPLIST_KEY_UILaunchScreen_Generation[sdk=iphonesimulator*]" = YES;
				"INFOPLIST_KEY_UIStatusBarStyle[sdk=iphoneos*]" = UIStatusBarStyleDefault;
				"INFOPLIST_KEY_UIStatusBarStyle[sdk=iphonesimulator*]" = UIStatusBarStyleDefault;
				INFOPLIST_KEY_UISupportedInterfaceOrientations_iPad = "UIInterfaceOrientationPortrait UIInterfaceOrientationPortraitUpsideDown UIInterfaceOrientationLandscapeLeft UIInterfaceOrientationLandscapeRight";
				INFOPLIST_KEY_UISupportedInterfaceOrientations_iPhone = "UIInterfaceOrientationPortrait UIInterfaceOrientationLandscapeLeft UIInterfaceOrientationLandscapeRight";
				IPHONEOS_DEPLOYMENT_TARGET = 17.0;
				LD_RUNPATH_SEARCH_PATHS = "@executable_path/Frameworks";
				"LD_RUNPATH_SEARCH_PATHS[sdk=macosx*]" = "@executable_path/../Frameworks";
				MACOSX_DEPLOYMENT_TARGET = 14.0;
				MARKETING_VERSION = 1.0;
				PRODUCT_BUNDLE_IDENTIFIER = app.getfind.QuadTree;
				PRODUCT_NAME = "$(TARGET_NAME)";
				SDKROOT = auto;
				SUPPORTED_PLATFORMS = "iphoneos iphonesimulator macosx";
				SWIFT_EMIT_LOC_STRINGS = YES;
				SWIFT_VERSION = 5.0;
				TARGETED_DEVICE_FAMILY = "1,2";
			};
			name = Debug;
		};
		3CF755F52B3CAD8B00E4708E /* Release */ = {
			isa = XCBuildConfiguration;
			buildSettings = {
				ASSETCATALOG_COMPILER_APPICON_NAME = AppIcon;
				ASSETCATALOG_COMPILER_GLOBAL_ACCENT_COLOR_NAME = AccentColor;
				CODE_SIGN_ENTITLEMENTS = QuadTree/QuadTree.entitlements;
				CODE_SIGN_STYLE = Automatic;
				CURRENT_PROJECT_VERSION = 1;
				DEVELOPMENT_TEAM = WV6XDLHK3W;
				ENABLE_HARDENED_RUNTIME = YES;
				ENABLE_PREVIEWS = YES;
				GENERATE_INFOPLIST_FILE = YES;
				"INFOPLIST_KEY_UIApplicationSceneManifest_Generation[sdk=iphoneos*]" = YES;
				"INFOPLIST_KEY_UIApplicationSceneManifest_Generation[sdk=iphonesimulator*]" = YES;
				"INFOPLIST_KEY_UIApplicationSupportsIndirectInputEvents[sdk=iphoneos*]" = YES;
				"INFOPLIST_KEY_UIApplicationSupportsIndirectInputEvents[sdk=iphonesimulator*]" = YES;
				"INFOPLIST_KEY_UILaunchScreen_Generation[sdk=iphoneos*]" = YES;
				"INFOPLIST_KEY_UILaunchScreen_Generation[sdk=iphonesimulator*]" = YES;
				"INFOPLIST_KEY_UIStatusBarStyle[sdk=iphoneos*]" = UIStatusBarStyleDefault;
				"INFOPLIST_KEY_UIStatusBarStyle[sdk=iphonesimulator*]" = UIStatusBarStyleDefault;
				INFOPLIST_KEY_UISupportedInterfaceOrientations_iPad = "UIInterfaceOrientationPortrait UIInterfaceOrientationPortraitUpsideDown UIInterfaceOrientationLandscapeLeft UIInterfaceOrientationLandscapeRight";
				INFOPLIST_KEY_UISupportedInterfaceOrientations_iPhone = "UIInterfaceOrientationPortrait UIInterfaceOrientationLandscapeLeft UIInterfaceOrientationLandscapeRight";
				IPHONEOS_DEPLOYMENT_TARGET = 17.0;
				LD_RUNPATH_SEARCH_PATHS = "@executable_path/Frameworks";
				"LD_RUNPATH_SEARCH_PATHS[sdk=macosx*]" = "@executable_path/../Frameworks";
				MACOSX_DEPLOYMENT_TARGET = 14.0;
				MARKETING_VERSION = 1.0;
				PRODUCT_BUNDLE_IDENTIFIER = app.getfind.QuadTree;
				PRODUCT_NAME = "$(TARGET_NAME)";
				SDKROOT = auto;
				SUPPORTED_PLATFORMS = "iphoneos iphonesimulator macosx";
				SWIFT_EMIT_LOC_STRINGS = YES;
				SWIFT_VERSION = 5.0;
				TARGETED_DEVICE_FAMILY = "1,2";
			};
			name = Release;
		};
/* End XCBuildConfiguration section */

/* Begin XCConfigurationList section */
		3CF755DF2B3CAD8A00E4708E /* Build configuration list for PBXProject "QuadTree" */ = {
			isa = XCConfigurationList;
			buildConfigurations = (
				3CF755F12B3CAD8B00E4708E /* Debug */,
				3CF755F22B3CAD8B00E4708E /* Release */,
			);
			defaultConfigurationIsVisible = 0;
			defaultConfigurationName = Release;
		};
		3CF755F32B3CAD8B00E4708E /* Build configuration list for PBXNativeTarget "QuadTree" */ = {
			isa = XCConfigurationList;
			buildConfigurations = (
				3CF755F42B3CAD8B00E4708E /* Debug */,
				3CF755F52B3CAD8B00E4708E /* Release */,
			);
			defaultConfigurationIsVisible = 0;
			defaultConfigurationName = Release;
		};
/* End XCConfigurationList section */

/* Begin XCRemoteSwiftPackageReference section */
		3CF755FB2B3CF68E00E4708E /* XCRemoteSwiftPackageReference "swift-collections" */ = {
			isa = XCRemoteSwiftPackageReference;
			repositoryURL = "https://github.com/apple/swift-collections.git";
			requirement = {
				kind = upToNextMajorVersion;
				minimumVersion = 1.0.6;
			};
		};
/* End XCRemoteSwiftPackageReference section */

/* Begin XCSwiftPackageProductDependency section */
		3CF755FC2B3CF68E00E4708E /* Collections */ = {
			isa = XCSwiftPackageProductDependency;
			package = 3CF755FB2B3CF68E00E4708E /* XCRemoteSwiftPackageReference "swift-collections" */;
			productName = Collections;
		};
		3CF755FE2B3CF68E00E4708E /* DequeModule */ = {
			isa = XCSwiftPackageProductDependency;
			package = 3CF755FB2B3CF68E00E4708E /* XCRemoteSwiftPackageReference "swift-collections" */;
			productName = DequeModule;
		};
		3CF756002B3CF68E00E4708E /* OrderedCollections */ = {
			isa = XCSwiftPackageProductDependency;
			package = 3CF755FB2B3CF68E00E4708E /* XCRemoteSwiftPackageReference "swift-collections" */;
			productName = OrderedCollections;
		};
/* End XCSwiftPackageProductDependency section */
	};
	rootObject = 3CF755DC2B3CAD8A00E4708E /* Project object */;
}
